
Microsoft Visual Studio Solution File, Format Version 12.00
# Visual Studio Version 17
VisualStudioVersion = 17.3.32929.385
MinimumVisualStudioVersion = 10.0.40219.1
Project("{FAE04EC0-301F-11D3-BF4B-00C04F79EFBC}") = "WA80", "WA80\WA80.csproj", "{88C13A93-5501-4B0E-B786-464F5CF6D0DB}"
EndProject
Global
	GlobalSection(SolutionConfigurationPlatforms) = preSolution
		Debug|Any CPU = Debug|Any CPU
		Release|Any CPU = Release|Any CPU
	EndGlobalSection
	GlobalSection(ProjectConfigurationPlatforms) = postSolution
		{88C13A93-5501-4B0E-B786-464F5CF6D0DB}.Debug|Any CPU.ActiveCfg = Debug|Any CPU
		{88C13A93-5501-4B0E-B786-464F5CF6D0DB}.Debug|Any CPU.Build.0 = Debug|Any CPU
		{88C13A93-5501-4B0E-B786-464F5CF6D0DB}.Release|Any CPU.ActiveCfg = Release|Any CPU
		{88C13A93-5501-4B0E-B786-464F5CF6D0DB}.Release|Any CPU.Build.0 = Release|Any CPU
	EndGlobalSection
	GlobalSection(SolutionProperties) = preSolution
		HideSolutionNode = FALSE
	EndGlobalSection
	GlobalSection(ExtensibilityGlobals) = postSolution
		SolutionGuid = {10AF8528-B229-43B1-9F78-0EF382AF5EE9}
	EndGlobalSection
EndGlobal
